
Microsoft Visual Studio Solution File, Format Version 12.00
# Visual Studio Version 16
VisualStudioVersion = 16.0.31729.503
MinimumVisualStudioVersion = 10.0.40219.1
Project("{FAE04EC0-301F-11D3-BF4B-00C04F79EFBC}") = "project", "project\project.csproj", "{FE02DE76-1607-4843-8CDA-7369B74CD9D7}"
EndProject
Global
	GlobalSection(SolutionConfigurationPlatforms) = preSolution
		Debug|Any CPU = Debug|Any CPU
		Release|Any CPU = Release|Any CPU
	EndGlobalSection
	GlobalSection(ProjectConfigurationPlatforms) = postSolution
		{FE02DE76-1607-4843-8CDA-7369B74CD9D7}.Debug|Any CPU.ActiveCfg = Debug|Any CPU
		{FE02DE76-1607-4843-8CDA-7369B74CD9D7}.Debug|Any CPU.Build.0 = Debug|Any CPU
		{FE02DE76-1607-4843-8CDA-7369B74CD9D7}.Release|Any CPU.ActiveCfg = Release|Any CPU
		{FE02DE76-1607-4843-8CDA-7369B74CD9D7}.Release|Any CPU.Build.0 = Release|Any CPU
	EndGlobalSection
	GlobalSection(SolutionProperties) = preSolution
		HideSolutionNode = FALSE
	EndGlobalSection
	GlobalSection(ExtensibilityGlobals) = postSolution
		SolutionGuid = {DA6297B8-DAE0-4156-88C8-5CFA2B6CBF7A}
	EndGlobalSection
EndGlobal
